
Microsoft Visual Studio Solution File, Format Version 12.00
# Visual Studio 15
VisualStudioVersion = 15.0.26124.0
MinimumVisualStudioVersion = 15.0.26124.0
Project("{FAE04EC0-301F-11D3-BF4B-00C04F79EFBC}") = "BlogEngine.Api", "BlogEngine.Api\BlogEngine.Api.csproj", "{DBF68DFB-D971-4001-BCF4-ECF118B913B7}"
EndProject
Project("{FAE04EC0-301F-11D3-BF4B-00C04F79EFBC}") = "BlogEngine.Api.Core", "BlogEngine.Api.Core\BlogEngine.Api.Core.csproj", "{0A29E1BA-D6E7-48E4-A6C5-7DC3B2B97B14}"
EndProject
Project("{FAE04EC0-301F-11D3-BF4B-00C04F79EFBC}") = "BlogEngine.Api.Data", "BlogEngine.Api.Data\BlogEngine.Api.Data.csproj", "{2A6563AD-419C-4503-96EC-6F1EC8A8906C}"
EndProject
Global
	GlobalSection(SolutionConfigurationPlatforms) = preSolution
		Debug|Any CPU = Debug|Any CPU
		Debug|x64 = Debug|x64
		Debug|x86 = Debug|x86
		Release|Any CPU = Release|Any CPU
		Release|x64 = Release|x64
		Release|x86 = Release|x86
	EndGlobalSection
	GlobalSection(SolutionProperties) = preSolution
		HideSolutionNode = FALSE
	EndGlobalSection
	GlobalSection(ProjectConfigurationPlatforms) = postSolution
		{DBF68DFB-D971-4001-BCF4-ECF118B913B7}.Debug|Any CPU.ActiveCfg = Debug|Any CPU
		{DBF68DFB-D971-4001-BCF4-ECF118B913B7}.Debug|Any CPU.Build.0 = Debug|Any CPU
		{DBF68DFB-D971-4001-BCF4-ECF118B913B7}.Debug|x64.ActiveCfg = Debug|Any CPU
		{DBF68DFB-D971-4001-BCF4-ECF118B913B7}.Debug|x64.Build.0 = Debug|Any CPU
		{DBF68DFB-D971-4001-BCF4-ECF118B913B7}.Debug|x86.ActiveCfg = Debug|Any CPU
		{DBF68DFB-D971-4001-BCF4-ECF118B913B7}.Debug|x86.Build.0 = Debug|Any CPU
		{DBF68DFB-D971-4001-BCF4-ECF118B913B7}.Release|Any CPU.ActiveCfg = Release|Any CPU
		{DBF68DFB-D971-4001-BCF4-ECF118B913B7}.Release|Any CPU.Build.0 = Release|Any CPU
		{DBF68DFB-D971-4001-BCF4-ECF118B913B7}.Release|x64.ActiveCfg = Release|Any CPU
		{DBF68DFB-D971-4001-BCF4-ECF118B913B7}.Release|x64.Build.0 = Release|Any CPU
		{DBF68DFB-D971-4001-BCF4-ECF118B913B7}.Release|x86.ActiveCfg = Release|Any CPU
		{DBF68DFB-D971-4001-BCF4-ECF118B913B7}.Release|x86.Build.0 = Release|Any CPU
		{0A29E1BA-D6E7-48E4-A6C5-7DC3B2B97B14}.Debug|Any CPU.ActiveCfg = Debug|Any CPU
		{0A29E1BA-D6E7-48E4-A6C5-7DC3B2B97B14}.Debug|Any CPU.Build.0 = Debug|Any CPU
		{0A29E1BA-D6E7-48E4-A6C5-7DC3B2B97B14}.Debug|x64.ActiveCfg = Debug|Any CPU
		{0A29E1BA-D6E7-48E4-A6C5-7DC3B2B97B14}.Debug|x64.Build.0 = Debug|Any CPU
		{0A29E1BA-D6E7-48E4-A6C5-7DC3B2B97B14}.Debug|x86.ActiveCfg = Debug|Any CPU
		{0A29E1BA-D6E7-48E4-A6C5-7DC3B2B97B14}.Debug|x86.Build.0 = Debug|Any CPU
		{0A29E1BA-D6E7-48E4-A6C5-7DC3B2B97B14}.Release|Any CPU.ActiveCfg = Release|Any CPU
		{0A29E1BA-D6E7-48E4-A6C5-7DC3B2B97B14}.Release|Any CPU.Build.0 = Release|Any CPU
		{0A29E1BA-D6E7-48E4-A6C5-7DC3B2B97B14}.Release|x64.ActiveCfg = Release|Any CPU
		{0A29E1BA-D6E7-48E4-A6C5-7DC3B2B97B14}.Release|x64.Build.0 = Release|Any CPU
		{0A29E1BA-D6E7-48E4-A6C5-7DC3B2B97B14}.Release|x86.ActiveCfg = Release|Any CPU
		{0A29E1BA-D6E7-48E4-A6C5-7DC3B2B97B14}.Release|x86.Build.0 = Release|Any CPU
		{2A6563AD-419C-4503-96EC-6F1EC8A8906C}.Debug|Any CPU.ActiveCfg = Debug|Any CPU
		{2A6563AD-419C-4503-96EC-6F1EC8A8906C}.Debug|Any CPU.Build.0 = Debug|Any CPU
		{2A6563AD-419C-4503-96EC-6F1EC8A8906C}.Debug|x64.ActiveCfg = Debug|Any CPU
		{2A6563AD-419C-4503-96EC-6F1EC8A8906C}.Debug|x64.Build.0 = Debug|Any CPU
		{2A6563AD-419C-4503-96EC-6F1EC8A8906C}.Debug|x86.ActiveCfg = Debug|Any CPU
		{2A6563AD-419C-4503-96EC-6F1EC8A8906C}.Debug|x86.Build.0 = Debug|Any CPU
		{2A6563AD-419C-4503-96EC-6F1EC8A8906C}.Release|Any CPU.ActiveCfg = Release|Any CPU
		{2A6563AD-419C-4503-96EC-6F1EC8A8906C}.Release|Any CPU.Build.0 = Release|Any CPU
		{2A6563AD-419C-4503-96EC-6F1EC8A8906C}.Release|x64.ActiveCfg = Release|Any CPU
		{2A6563AD-419C-4503-96EC-6F1EC8A8906C}.Release|x64.Build.0 = Release|Any CPU
		{2A6563AD-419C-4503-96EC-6F1EC8A8906C}.Release|x86.ActiveCfg = Release|Any CPU
		{2A6563AD-419C-4503-96EC-6F1EC8A8906C}.Release|x86.Build.0 = Release|Any CPU
	EndGlobalSection
EndGlobal
